
Microsoft Visual Studio Solution File, Format Version 12.00
# Visual Studio Version 17
VisualStudioVersion = 17.1.32421.90
MinimumVisualStudioVersion = 10.0.40219.1
Project("{FAE04EC0-301F-11D3-BF4B-00C04F79EFBC}") = "WinFormsApp6", "WinFormsApp6.csproj", "{7767CE52-274D-40E3-A659-BF89990CC72A}"
EndProject
Global
	GlobalSection(SolutionConfigurationPlatforms) = preSolution
		Debug|Any CPU = Debug|Any CPU
		Release|Any CPU = Release|Any CPU
	EndGlobalSection
	GlobalSection(ProjectConfigurationPlatforms) = postSolution
		{7767CE52-274D-40E3-A659-BF89990CC72A}.Debug|Any CPU.ActiveCfg = Debug|Any CPU
		{7767CE52-274D-40E3-A659-BF89990CC72A}.Debug|Any CPU.Build.0 = Debug|Any CPU
		{7767CE52-274D-40E3-A659-BF89990CC72A}.Release|Any CPU.ActiveCfg = Release|Any CPU
		{7767CE52-274D-40E3-A659-BF89990CC72A}.Release|Any CPU.Build.0 = Release|Any CPU
	EndGlobalSection
	GlobalSection(SolutionProperties) = preSolution
		HideSolutionNode = FALSE
	EndGlobalSection
	GlobalSection(ExtensibilityGlobals) = postSolution
		SolutionGuid = {D98FDFE0-F1A3-4476-91A6-4E0C21B950B0}
	EndGlobalSection
EndGlobal
